
Microsoft Visual Studio Solution File, Format Version 12.00
Project("{FAE04EC0-301F-11D3-BF4B-00C04F79EFBC}") = "WA.DMS.LicenseFinder.Services", "WA.DMS.LicenseFinder.Services\WA.DMS.LicenseFinder.Services.csproj", "{5C59CBAA-4530-4E58-A946-00F5FD8DD5EF}"
EndProject
Project("{FAE04EC0-301F-11D3-BF4B-00C04F79EFBC}") = "WA.DMS.LicenseFinder.Ports", "WA.DMS.LicenseFinder.Ports\WA.DMS.LicenseFinder.Ports.csproj", "{5B64BD40-0290-4638-AC71-48C25B019E43}"
EndProject
Project("{FAE04EC0-301F-11D3-BF4B-00C04F79EFBC}") = "WA.DMS.LicenseFinder", "WA.DMS.LicenseFinder\WA.DMS.LicenseFinder.csproj", "{CBF0C536-4F10-43CA-B11F-945AFED92A4B}"
EndProject
Project("{2150E333-8FDC-42A3-9474-1A3956D46DE8}") = "UnitTests", "UnitTests", "{04482FC7-D292-4CCE-89CB-521787F4D7E1}"
EndProject
Project("{FAE04EC0-301F-11D3-BF4B-00C04F79EFBC}") = "WA.DMS.LicenseFinder.Services.UnitTests", "Unit Tests\WA.DMS.LicenseFinder.Services.UnitTests\WA.DMS.LicenseFinder.Services.UnitTests.csproj", "{B09F30E2-A3C1-408C-86E6-B6D82A6A7091}"
EndProject
Project("{2150E333-8FDC-42A3-9474-1A3956D46DE8}") = "Solution Items", "Solution Items", "{2919B4C7-BF49-4B59-BDE5-0F458749717D}"
	ProjectSection(SolutionItems) = preProject
		.gitignore = .gitignore
	EndProjectSection
EndProject
Global
	GlobalSection(SolutionConfigurationPlatforms) = preSolution
		Debug|Any CPU = Debug|Any CPU
		Release|Any CPU = Release|Any CPU
	EndGlobalSection
	GlobalSection(ProjectConfigurationPlatforms) = postSolution
		{5C59CBAA-4530-4E58-A946-00F5FD8DD5EF}.Debug|Any CPU.ActiveCfg = Debug|Any CPU
		{5C59CBAA-4530-4E58-A946-00F5FD8DD5EF}.Debug|Any CPU.Build.0 = Debug|Any CPU
		{5C59CBAA-4530-4E58-A946-00F5FD8DD5EF}.Release|Any CPU.ActiveCfg = Release|Any CPU
		{5C59CBAA-4530-4E58-A946-00F5FD8DD5EF}.Release|Any CPU.Build.0 = Release|Any CPU
		{5B64BD40-0290-4638-AC71-48C25B019E43}.Debug|Any CPU.ActiveCfg = Debug|Any CPU
		{5B64BD40-0290-4638-AC71-48C25B019E43}.Debug|Any CPU.Build.0 = Debug|Any CPU
		{5B64BD40-0290-4638-AC71-48C25B019E43}.Release|Any CPU.ActiveCfg = Release|Any CPU
		{5B64BD40-0290-4638-AC71-48C25B019E43}.Release|Any CPU.Build.0 = Release|Any CPU
		{CBF0C536-4F10-43CA-B11F-945AFED92A4B}.Debug|Any CPU.ActiveCfg = Debug|Any CPU
		{CBF0C536-4F10-43CA-B11F-945AFED92A4B}.Debug|Any CPU.Build.0 = Debug|Any CPU
		{CBF0C536-4F10-43CA-B11F-945AFED92A4B}.Release|Any CPU.ActiveCfg = Release|Any CPU
		{CBF0C536-4F10-43CA-B11F-945AFED92A4B}.Release|Any CPU.Build.0 = Release|Any CPU
		{B09F30E2-A3C1-408C-86E6-B6D82A6A7091}.Debug|Any CPU.ActiveCfg = Debug|Any CPU
		{B09F30E2-A3C1-408C-86E6-B6D82A6A7091}.Debug|Any CPU.Build.0 = Debug|Any CPU
		{B09F30E2-A3C1-408C-86E6-B6D82A6A7091}.Release|Any CPU.ActiveCfg = Release|Any CPU
		{B09F30E2-A3C1-408C-86E6-B6D82A6A7091}.Release|Any CPU.Build.0 = Release|Any CPU
	EndGlobalSection
	GlobalSection(NestedProjects) = preSolution
		{B09F30E2-A3C1-408C-86E6-B6D82A6A7091} = {04482FC7-D292-4CCE-89CB-521787F4D7E1}
	EndGlobalSection
EndGlobal
